// !$*UTF8*$!
{
	archiveVersion = 1;
	classes = {
	};
	objectVersion = 46;
	objects = {

/* Begin PBXBuildFile section */
		6D48DF171EBD6BB400E7FACE /* AppDelegate.swift in Sources */ = {isa = PBXBuildFile; fileRef = 6D48DF161EBD6BB400E7FACE /* AppDelegate.swift */; };
		6D48DF191EBD6BB400E7FACE /* ViewController.swift in Sources */ = {isa = PBXBuildFile; fileRef = 6D48DF181EBD6BB400E7FACE /* ViewController.swift */; };
		6D48DF1C1EBD6BB400E7FACE /* Main.storyboard in Resources */ = {isa = PBXBuildFile; fileRef = 6D48DF1A1EBD6BB400E7FACE /* Main.storyboard */; };
		6D48DF1E1EBD6BB400E7FACE /* Assets.xcassets in Resources */ = {isa = PBXBuildFile; fileRef = 6D48DF1D1EBD6BB400E7FACE /* Assets.xcassets */; };
		6D48DF211EBD6BB400E7FACE /* LaunchScreen.storyboard in Resources */ = {isa = PBXBuildFile; fileRef = 6D48DF1F1EBD6BB400E7FACE /* LaunchScreen.storyboard */; };
		6D48DF2C1EBD6BB500E7FACE /* SSHTestTests.swift in Sources */ = {isa = PBXBuildFile; fileRef = 6D48DF2B1EBD6BB500E7FACE /* SSHTestTests.swift */; };
		6D48DF371EBD6BB500E7FACE /* SSHTestUITests.swift in Sources */ = {isa = PBXBuildFile; fileRef = 6D48DF361EBD6BB500E7FACE /* SSHTestUITests.swift */; };
		6DAA51321EBD729B00708BBF /* ViewTwoController.swift in Sources */ = {isa = PBXBuildFile; fileRef = 6DAA51311EBD729B00708BBF /* ViewTwoController.swift */; };
/* End PBXBuildFile section */

/* Begin PBXContainerItemProxy section */
		6D48DF281EBD6BB500E7FACE /* PBXContainerItemProxy */ = {
			isa = PBXContainerItemProxy;
			containerPortal = 6D48DF0B1EBD6BB400E7FACE /* Project object */;
			proxyType = 1;
			remoteGlobalIDString = 6D48DF121EBD6BB400E7FACE;
			remoteInfo = SSHTest;
		};
		6D48DF331EBD6BB500E7FACE /* PBXContainerItemProxy */ = {
			isa = PBXContainerItemProxy;
			containerPortal = 6D48DF0B1EBD6BB400E7FACE /* Project object */;
			proxyType = 1;
			remoteGlobalIDString = 6D48DF121EBD6BB400E7FACE;
			remoteInfo = SSHTest;
		};
/* End PBXContainerItemProxy section */

/* Begin PBXFileReference section */
		6D48DF131EBD6BB400E7FACE /* SSHTest.app */ = {isa = PBXFileReference; explicitFileType = wrapper.application; includeInIndex = 0; path = SSHTest.app; sourceTree = BUILT_PRODUCTS_DIR; };
		6D48DF161EBD6BB400E7FACE /* AppDelegate.swift */ = {isa = PBXFileReference; lastKnownFileType = sourcecode.swift; path = AppDelegate.swift; sourceTree = "<group>"; };
		6D48DF181EBD6BB400E7FACE /* ViewController.swift */ = {isa = PBXFileReference; lastKnownFileType = sourcecode.swift; path = ViewController.swift; sourceTree = "<group>"; };
		6D48DF1B1EBD6BB400E7FACE /* Base */ = {isa = PBXFileReference; lastKnownFileType = file.storyboard; name = Base; path = Base.lproj/Main.storyboard; sourceTree = "<group>"; };
		6D48DF1D1EBD6BB400E7FACE /* Assets.xcassets */ = {isa = PBXFileReference; lastKnownFileType = folder.assetcatalog; path = Assets.xcassets; sourceTree = "<group>"; };
		6D48DF201EBD6BB400E7FACE /* Base */ = {isa = PBXFileReference; lastKnownFileType = file.storyboard; name = Base; path = Base.lproj/LaunchScreen.storyboard; sourceTree = "<group>"; };
		6D48DF221EBD6BB400E7FACE /* Info.plist */ = {isa = PBXFileReference; lastKnownFileType = text.plist.xml; path = Info.plist; sourceTree = "<group>"; };
		6D48DF271EBD6BB500E7FACE /* SSHTestTests.xctest */ = {isa = PBXFileReference; explicitFileType = wrapper.cfbundle; includeInIndex = 0; path = SSHTestTests.xctest; sourceTree = BUILT_PRODUCTS_DIR; };
		6D48DF2B1EBD6BB500E7FACE /* SSHTestTests.swift */ = {isa = PBXFileReference; lastKnownFileType = sourcecode.swift; path = SSHTestTests.swift; sourceTree = "<group>"; };
		6D48DF2D1EBD6BB500E7FACE /* Info.plist */ = {isa = PBXFileReference; lastKnownFileType = text.plist.xml; path = Info.plist; sourceTree = "<group>"; };
		6D48DF321EBD6BB500E7FACE /* SSHTestUITests.xctest */ = {isa = PBXFileReference; explicitFileType = wrapper.cfbundle; includeInIndex = 0; path = SSHTestUITests.xctest; sourceTree = BUILT_PRODUCTS_DIR; };
		6D48DF361EBD6BB500E7FACE /* SSHTestUITests.swift */ = {isa = PBXFileReference; lastKnownFileType = sourcecode.swift; path = SSHTestUITests.swift; sourceTree = "<group>"; };
		6D48DF381EBD6BB500E7FACE /* Info.plist */ = {isa = PBXFileReference; lastKnownFileType = text.plist.xml; path = Info.plist; sourceTree = "<group>"; };
		6DAA51311EBD729B00708BBF /* ViewTwoController.swift */ = {isa = PBXFileReference; fileEncoding = 4; lastKnownFileType = sourcecode.swift; path = ViewTwoController.swift; sourceTree = "<group>"; };
/* End PBXFileReference section */

/* Begin PBXFrameworksBuildPhase section */
		6D48DF101EBD6BB400E7FACE /* Frameworks */ = {
			isa = PBXFrameworksBuildPhase;
			buildActionMask = 2147483647;
			files = (
			);
			runOnlyForDeploymentPostprocessing = 0;
		};
		6D48DF241EBD6BB500E7FACE /* Frameworks */ = {
			isa = PBXFrameworksBuildPhase;
			buildActionMask = 2147483647;
			files = (
			);
			runOnlyForDeploymentPostprocessing = 0;
		};
		6D48DF2F1EBD6BB500E7FACE /* Frameworks */ = {
			isa = PBXFrameworksBuildPhase;
			buildActionMask = 2147483647;
			files = (
			);
			runOnlyForDeploymentPostprocessing = 0;
		};
/* End PBXFrameworksBuildPhase section */

/* Begin PBXGroup section */
		6D48DF0A1EBD6BB400E7FACE = {
			isa = PBXGroup;
			children = (
				6D48DF151EBD6BB400E7FACE /* SSHTest */,
				6D48DF2A1EBD6BB500E7FACE /* SSHTestTests */,
				6D48DF351EBD6BB500E7FACE /* SSHTestUITests */,
				6D48DF141EBD6BB400E7FACE /* Products */,
			);
			sourceTree = "<group>";
		};
		6D48DF141EBD6BB400E7FACE /* Products */ = {
			isa = PBXGroup;
			children = (
				6D48DF131EBD6BB400E7FACE /* SSHTest.app */,
				6D48DF271EBD6BB500E7FACE /* SSHTestTests.xctest */,
				6D48DF321EBD6BB500E7FACE /* SSHTestUITests.xctest */,
			);
			name = Products;
			sourceTree = "<group>";
		};
		6D48DF151EBD6BB400E7FACE /* SSHTest */ = {
			isa = PBXGroup;
			children = (
				6D48DF161EBD6BB400E7FACE /* AppDelegate.swift */,
				6D48DF181EBD6BB400E7FACE /* ViewController.swift */,
				6DAA51311EBD729B00708BBF /* ViewTwoController.swift */,
				6D48DF1A1EBD6BB400E7FACE /* Main.storyboard */,
				6D48DF1D1EBD6BB400E7FACE /* Assets.xcassets */,
				6D48DF1F1EBD6BB400E7FACE /* LaunchScreen.storyboard */,
				6D48DF221EBD6BB400E7FACE /* Info.plist */,
			);
			path = SSHTest;
			sourceTree = "<group>";
		};
		6D48DF2A1EBD6BB500E7FACE /* SSHTestTests */ = {
			isa = PBXGroup;
			children = (
				6D48DF2B1EBD6BB500E7FACE /* SSHTestTests.swift */,
				6D48DF2D1EBD6BB500E7FACE /* Info.plist */,
			);
			path = SSHTestTests;
			sourceTree = "<group>";
		};
		6D48DF351EBD6BB500E7FACE /* SSHTestUITests */ = {
			isa = PBXGroup;
			children = (
				6D48DF361EBD6BB500E7FACE /* SSHTestUITests.swift */,
				6D48DF381EBD6BB500E7FACE /* Info.plist */,
			);
			path = SSHTestUITests;
			sourceTree = "<group>";
		};
/* End PBXGroup section */

/* Begin PBXNativeTarget section */
		6D48DF121EBD6BB400E7FACE /* SSHTest */ = {
			isa = PBXNativeTarget;
			buildConfigurationList = 6D48DF3B1EBD6BB500E7FACE /* Build configuration list for PBXNativeTarget "SSHTest" */;
			buildPhases = (
				6D48DF0F1EBD6BB400E7FACE /* Sources */,
				6D48DF101EBD6BB400E7FACE /* Frameworks */,
				6D48DF111EBD6BB400E7FACE /* Resources */,
			);
			buildRules = (
			);
			dependencies = (
			);
			name = SSHTest;
			productName = SSHTest;
			productReference = 6D48DF131EBD6BB400E7FACE /* SSHTest.app */;
			productType = "com.apple.product-type.application";
		};
		6D48DF261EBD6BB500E7FACE /* SSHTestTests */ = {
			isa = PBXNativeTarget;
			buildConfigurationList = 6D48DF3E1EBD6BB500E7FACE /* Build configuration list for PBXNativeTarget "SSHTestTests" */;
			buildPhases = (
				6D48DF231EBD6BB500E7FACE /* Sources */,
				6D48DF241EBD6BB500E7FACE /* Frameworks */,
				6D48DF251EBD6BB500E7FACE /* Resources */,
			);
			buildRules = (
			);
			dependencies = (
				6D48DF291EBD6BB500E7FACE /* PBXTargetDependency */,
			);
			name = SSHTestTests;
			productName = SSHTestTests;
			productReference = 6D48DF271EBD6BB500E7FACE /* SSHTestTests.xctest */;
			productType = "com.apple.product-type.bundle.unit-test";
		};
		6D48DF311EBD6BB500E7FACE /* SSHTestUITests */ = {
			isa = PBXNativeTarget;
			buildConfigurationList = 6D48DF411EBD6BB500E7FACE /* Build configuration list for PBXNativeTarget "SSHTestUITests" */;
			buildPhases = (
				6D48DF2E1EBD6BB500E7FACE /* Sources */,
				6D48DF2F1EBD6BB500E7FACE /* Frameworks */,
				6D48DF301EBD6BB500E7FACE /* Resources */,
			);
			buildRules = (
			);
			dependencies = (
				6D48DF341EBD6BB500E7FACE /* PBXTargetDependency */,
			);
			name = SSHTestUITests;
			productName = SSHTestUITests;
			productReference = 6D48DF321EBD6BB500E7FACE /* SSHTestUITests.xctest */;
			productType = "com.apple.product-type.bundle.ui-testing";
		};
/* End PBXNativeTarget section */

/* Begin PBXProject section */
		6D48DF0B1EBD6BB400E7FACE /* Project object */ = {
			isa = PBXProject;
			attributes = {
				LastSwiftUpdateCheck = 0830;
				LastUpgradeCheck = 0830;
				ORGANIZATIONNAME = meidaer;
				TargetAttributes = {
					6D48DF121EBD6BB400E7FACE = {
						CreatedOnToolsVersion = 8.3.1;
						DevelopmentTeam = 29484FJQJ5;
						ProvisioningStyle = Automatic;
					};
					6D48DF261EBD6BB500E7FACE = {
						CreatedOnToolsVersion = 8.3.1;
						DevelopmentTeam = 29484FJQJ5;
						ProvisioningStyle = Automatic;
						TestTargetID = 6D48DF121EBD6BB400E7FACE;
					};
					6D48DF311EBD6BB500E7FACE = {
						CreatedOnToolsVersion = 8.3.1;
						DevelopmentTeam = 29484FJQJ5;
						ProvisioningStyle = Automatic;
						TestTargetID = 6D48DF121EBD6BB400E7FACE;
					};
				};
			};
			buildConfigurationList = 6D48DF0E1EBD6BB400E7FACE /* Build configuration list for PBXProject "SSHTest" */;
			compatibilityVersion = "Xcode 3.2";
			developmentRegion = English;
			hasScannedForEncodings = 0;
			knownRegions = (
				en,
				Base,
			);
			mainGroup = 6D48DF0A1EBD6BB400E7FACE;
			productRefGroup = 6D48DF141EBD6BB400E7FACE /* Products */;
			projectDirPath = "";
			projectRoot = "";
			targets = (
				6D48DF121EBD6BB400E7FACE /* SSHTest */,
				6D48DF261EBD6BB500E7FACE /* SSHTestTests */,
				6D48DF311EBD6BB500E7FACE /* SSHTestUITests */,
			);
		};
/* End PBXProject section */

/* Begin PBXResourcesBuildPhase section */
		6D48DF111EBD6BB400E7FACE /* Resources */ = {
			isa = PBXResourcesBuildPhase;
			buildActionMask = 2147483647;
			files = (
				6D48DF211EBD6BB400E7FACE /* LaunchScreen.storyboard in Resources */,
				6D48DF1E1EBD6BB400E7FACE /* Assets.xcassets in Resources */,
				6D48DF1C1EBD6BB400E7FACE /* Main.storyboard in Resources */,
			);
			runOnlyForDeploymentPostprocessing = 0;
		};
		6D48DF251EBD6BB500E7FACE /* Resources */ = {
			isa = PBXResourcesBuildPhase;
			buildActionMask = 2147483647;
			files = (
			);
			runOnlyForDeploymentPostprocessing = 0;
		};
		6D48DF301EBD6BB500E7FACE /* Resources */ = {
			isa = PBXResourcesBuildPhase;
			buildActionMask = 2147483647;
			files = (
			);
			runOnlyForDeploymentPostprocessing = 0;
		};
/* End PBXResourcesBuildPhase section */

/* Begin PBXSourcesBuildPhase section */
		6D48DF0F1EBD6BB400E7FACE /* Sources */ = {
			isa = PBXSourcesBuildPhase;
			buildActionMask = 2147483647;
			files = (
				6DAA51321EBD729B00708BBF /* ViewTwoController.swift in Sources */,
				6D48DF191EBD6BB400E7FACE /* ViewController.swift in Sources */,
				6D48DF171EBD6BB400E7FACE /* AppDelegate.swift in Sources */,
			);
			runOnlyForDeploymentPostprocessing = 0;
		};
		6D48DF231EBD6BB500E7FACE /* Sources */ = {
			isa = PBXSourcesBuildPhase;
			buildActionMask = 2147483647;
			files = (
				6D48DF2C1EBD6BB500E7FACE /* SSHTestTests.swift in Sources */,
			);
			runOnlyForDeploymentPostprocessing = 0;
		};
		6D48DF2E1EBD6BB500E7FACE /* Sources */ = {
			isa = PBXSourcesBuildPhase;
			buildActionMask = 2147483647;
			files = (
				6D48DF371EBD6BB500E7FACE /* SSHTestUITests.swift in Sources */,
			);
			runOnlyForDeploymentPostprocessing = 0;
		};
/* End PBXSourcesBuildPhase section */

/* Begin PBXTargetDependency section */
		6D48DF291EBD6BB500E7FACE /* PBXTargetDependency */ = {
			isa = PBXTargetDependency;
			target = 6D48DF121EBD6BB400E7FACE /* SSHTest */;
			targetProxy = 6D48DF281EBD6BB500E7FACE /* PBXContainerItemProxy */;
		};
		6D48DF341EBD6BB500E7FACE /* PBXTargetDependency */ = {
			isa = PBXTargetDependency;
			target = 6D48DF121EBD6BB400E7FACE /* SSHTest */;
			targetProxy = 6D48DF331EBD6BB500E7FACE /* PBXContainerItemProxy */;
		};
/* End PBXTargetDependency section */

/* Begin PBXVariantGroup section */
		6D48DF1A1EBD6BB400E7FACE /* Main.storyboard */ = {
			isa = PBXVariantGroup;
			children = (
				6D48DF1B1EBD6BB400E7FACE /* Base */,
			);
			name = Main.storyboard;
			sourceTree = "<group>";
		};
		6D48DF1F1EBD6BB400E7FACE /* LaunchScreen.storyboard */ = {
			isa = PBXVariantGroup;
			children = (
				6D48DF201EBD6BB400E7FACE /* Base */,
			);
			name = LaunchScreen.storyboard;
			sourceTree = "<group>";
		};
/* End PBXVariantGroup section */

/* Begin XCBuildConfiguration section */
		6D48DF391EBD6BB500E7FACE /* Debug */ = {
			isa = XCBuildConfiguration;
			buildSettings = {
				ALWAYS_SEARCH_USER_PATHS = NO;
				CLANG_ANALYZER_NONNULL = YES;
				CLANG_ANALYZER_NUMBER_OBJECT_CONVERSION = YES_AGGRESSIVE;
				CLANG_CXX_LANGUAGE_STANDARD = "gnu++0x";
				CLANG_CXX_LIBRARY = "libc++";
				CLANG_ENABLE_MODULES = YES;
				CLANG_ENABLE_OBJC_ARC = YES;
				CLANG_WARN_BOOL_CONVERSION = YES;
				CLANG_WARN_CONSTANT_CONVERSION = YES;
				CLANG_WARN_DIRECT_OBJC_ISA_USAGE = YES_ERROR;
				CLANG_WARN_DOCUMENTATION_COMMENTS = YES;
				CLANG_WARN_EMPTY_BODY = YES;
				CLANG_WARN_ENUM_CONVERSION = YES;
				CLANG_WARN_INFINITE_RECURSION = YES;
				CLANG_WARN_INT_CONVERSION = YES;
				CLANG_WARN_OBJC_ROOT_CLASS = YES_ERROR;
				CLANG_WARN_SUSPICIOUS_MOVE = YES;
				CLANG_WARN_UNREACHABLE_CODE = YES;
				CLANG_WARN__DUPLICATE_METHOD_MATCH = YES;
				"CODE_SIGN_IDENTITY[sdk=iphoneos*]" = "iPhone Developer";
				COPY_PHASE_STRIP = NO;
				DEBUG_INFORMATION_FORMAT = dwarf;
				ENABLE_STRICT_OBJC_MSGSEND = YES;
				ENABLE_TESTABILITY = YES;
				GCC_C_LANGUAGE_STANDARD = gnu99;
				GCC_DYNAMIC_NO_PIC = NO;
				GCC_NO_COMMON_BLOCKS = YES;
				GCC_OPTIMIZATION_LEVEL = 0;
				GCC_PREPROCESSOR_DEFINITIONS = (
					"DEBUG=1",
					"$(inherited)",
				);
				GCC_WARN_64_TO_32_BIT_CONVERSION = YES;
				GCC_WARN_ABOUT_RETURN_TYPE = YES_ERROR;
				GCC_WARN_UNDECLARED_SELECTOR = YES;
				GCC_WARN_UNINITIALIZED_AUTOS = YES_AGGRESSIVE;
				GCC_WARN_UNUSED_FUNCTION = YES;
				GCC_WARN_UNUSED_VARIABLE = YES;
				IPHONEOS_DEPLOYMENT_TARGET = 10.3;
				MTL_ENABLE_DEBUG_INFO = YES;
				ONLY_ACTIVE_ARCH = YES;
				SDKROOT = iphoneos;
				SWIFT_ACTIVE_COMPILATION_CONDITIONS = DEBUG;
				SWIFT_OPTIMIZATION_LEVEL = "-Onone";
			};
			name = Debug;
		};
		6D48DF3A1EBD6BB500E7FACE /* Release */ = {
			isa = XCBuildConfiguration;
			buildSettings = {
				ALWAYS_SEARCH_USER_PATHS = NO;
				CLANG_ANALYZER_NONNULL = YES;
				CLANG_ANALYZER_NUMBER_OBJECT_CONVERSION = YES_AGGRESSIVE;
				CLANG_CXX_LANGUAGE_STANDARD = "gnu++0x";
				CLANG_CXX_LIBRARY = "libc++";
				CLANG_ENABLE_MODULES = YES;
				CLANG_ENABLE_OBJC_ARC = YES;
				CLANG_WARN_BOOL_CONVERSION = YES;
				CLANG_WARN_CONSTANT_CONVERSION = YES;
				CLANG_WARN_DIRECT_OBJC_ISA_USAGE = YES_ERROR;
				CLANG_WARN_DOCUMENTATION_COMMENTS = YES;
				CLANG_WARN_EMPTY_BODY = YES;
				CLANG_WARN_ENUM_CONVERSION = YES;
				CLANG_WARN_INFINITE_RECURSION = YES;
				CLANG_WARN_INT_CONVERSION = YES;
				CLANG_WARN_OBJC_ROOT_CLASS = YES_ERROR;
				CLANG_WARN_SUSPICIOUS_MOVE = YES;
				CLANG_WARN_UNREACHABLE_CODE = YES;
				CLANG_WARN__DUPLICATE_METHOD_MATCH = YES;
				"CODE_SIGN_IDENTITY[sdk=iphoneos*]" = "iPhone Developer";
				COPY_PHASE_STRIP = NO;
				DEBUG_INFORMATION_FORMAT = "dwarf-with-dsym";
				ENABLE_NS_ASSERTIONS = NO;
				ENABLE_STRICT_OBJC_MSGSEND = YES;
				GCC_C_LANGUAGE_STANDARD = gnu99;
				GCC_NO_COMMON_BLOCKS = YES;
				GCC_WARN_64_TO_32_BIT_CONVERSION = YES;
				GCC_WARN_ABOUT_RETURN_TYPE = YES_ERROR;
				GCC_WARN_UNDECLARED_SELECTOR = YES;
				GCC_WARN_UNINITIALIZED_AUTOS = YES_AGGRESSIVE;
				GCC_WARN_UNUSED_FUNCTION = YES;
				GCC_WARN_UNUSED_VARIABLE = YES;
				IPHONEOS_DEPLOYMENT_TARGET = 10.3;
				MTL_ENABLE_DEBUG_INFO = NO;
				SDKROOT = iphoneos;
				SWIFT_OPTIMIZATION_LEVEL = "-Owholemodule";
				VALIDATE_PRODUCT = YES;
			};
			name = Release;
		};
		6D48DF3C1EBD6BB500E7FACE /* Debug */ = {
			isa = XCBuildConfiguration;
			buildSettings = {
				ASSETCATALOG_COMPILER_APPICON_NAME = AppIcon;
				DEVELOPMENT_TEAM = 29484FJQJ5;
				INFOPLIST_FILE = SSHTest/Info.plist;
				LD_RUNPATH_SEARCH_PATHS = "$(inherited) @executable_path/Frameworks";
				PRODUCT_BUNDLE_IDENTIFIER = com.meidaer.SSHTest;
				PRODUCT_NAME = "$(TARGET_NAME)";
				SWIFT_VERSION = 3.0;
			};
			name = Debug;
		};
		6D48DF3D1EBD6BB500E7FACE /* Release */ = {
			isa = XCBuildConfiguration;
			buildSettings = {
				ASSETCATALOG_COMPILER_APPICON_NAME = AppIcon;
				DEVELOPMENT_TEAM = 29484FJQJ5;
				INFOPLIST_FILE = SSHTest/Info.plist;
				LD_RUNPATH_SEARCH_PATHS = "$(inherited) @executable_path/Frameworks";
				PRODUCT_BUNDLE_IDENTIFIER = com.meidaer.SSHTest;
				PRODUCT_NAME = "$(TARGET_NAME)";
				SWIFT_VERSION = 3.0;
			};
			name = Release;
		};
		6D48DF3F1EBD6BB500E7FACE /* Debug */ = {
			isa = XCBuildConfiguration;
			buildSettings = {
				ALWAYS_EMBED_SWIFT_STANDARD_LIBRARIES = YES;
				BUNDLE_LOADER = "$(TEST_HOST)";
				DEVELOPMENT_TEAM = 29484FJQJ5;
				INFOPLIST_FILE = SSHTestTests/Info.plist;
				LD_RUNPATH_SEARCH_PATHS = "$(inherited) @executable_path/Frameworks @loader_path/Frameworks";
				PRODUCT_BUNDLE_IDENTIFIER = com.meidaer.SSHTestTests;
				PRODUCT_NAME = "$(TARGET_NAME)";
				SWIFT_VERSION = 3.0;
				TEST_HOST = "$(BUILT_PRODUCTS_DIR)/SSHTest.app/SSHTest";
			};
			name = Debug;
		};
		6D48DF401EBD6BB500E7FACE /* Release */ = {
			isa = XCBuildConfiguration;
			buildSettings = {
				ALWAYS_EMBED_SWIFT_STANDARD_LIBRARIES = YES;
				BUNDLE_LOADER = "$(TEST_HOST)";
				DEVELOPMENT_TEAM = 29484FJQJ5;
				INFOPLIST_FILE = SSHTestTests/Info.plist;
				LD_RUNPATH_SEARCH_PATHS = "$(inherited) @executable_path/Frameworks @loader_path/Frameworks";
				PRODUCT_BUNDLE_IDENTIFIER = com.meidaer.SSHTestTests;
				PRODUCT_NAME = "$(TARGET_NAME)";
				SWIFT_VERSION = 3.0;
				TEST_HOST = "$(BUILT_PRODUCTS_DIR)/SSHTest.app/SSHTest";
			};
			name = Release;
		};
		6D48DF421EBD6BB500E7FACE /* Debug */ = {
			isa = XCBuildConfiguration;
			buildSettings = {
				ALWAYS_EMBED_SWIFT_STANDARD_LIBRARIES = YES;
				DEVELOPMENT_TEAM = 29484FJQJ5;
				INFOPLIST_FILE = SSHTestUITests/Info.plist;
				LD_RUNPATH_SEARCH_PATHS = "$(inherited) @executable_path/Frameworks @loader_path/Frameworks";
				PRODUCT_BUNDLE_IDENTIFIER = com.meidaer.SSHTestUITests;
				PRODUCT_NAME = "$(TARGET_NAME)";
				SWIFT_VERSION = 3.0;
				TEST_TARGET_NAME = SSHTest;
			};
			name = Debug;
		};
		6D48DF431EBD6BB500E7FACE /* Release */ = {
			isa = XCBuildConfiguration;
			buildSettings = {
				ALWAYS_EMBED_SWIFT_STANDARD_LIBRARIES = YES;
				DEVELOPMENT_TEAM = 29484FJQJ5;
				INFOPLIST_FILE = SSHTestUITests/Info.plist;
				LD_RUNPATH_SEARCH_PATHS = "$(inherited) @executable_path/Frameworks @loader_path/Frameworks";
				PRODUCT_BUNDLE_IDENTIFIER = com.meidaer.SSHTestUITests;
				PRODUCT_NAME = "$(TARGET_NAME)";
				SWIFT_VERSION = 3.0;
				TEST_TARGET_NAME = SSHTest;
			};
			name = Release;
		};
/* End XCBuildConfiguration section */

/* Begin XCConfigurationList section */
		6D48DF0E1EBD6BB400E7FACE /* Build configuration list for PBXProject "SSHTest" */ = {
			isa = XCConfigurationList;
			buildConfigurations = (
				6D48DF391EBD6BB500E7FACE /* Debug */,
				6D48DF3A1EBD6BB500E7FACE /* Release */,
			);
			defaultConfigurationIsVisible = 0;
			defaultConfigurationName = Release;
		};
		6D48DF3B1EBD6BB500E7FACE /* Build configuration list for PBXNativeTarget "SSHTest" */ = {
			isa = XCConfigurationList;
			buildConfigurations = (
				6D48DF3C1EBD6BB500E7FACE /* Debug */,
				6D48DF3D1EBD6BB500E7FACE /* Release */,
			);
			defaultConfigurationIsVisible = 0;
			defaultConfigurationName = Release;
		};
		6D48DF3E1EBD6BB500E7FACE /* Build configuration list for PBXNativeTarget "SSHTestTests" */ = {
			isa = XCConfigurationList;
			buildConfigurations = (
				6D48DF3F1EBD6BB500E7FACE /* Debug */,
				6D48DF401EBD6BB500E7FACE /* Release */,
			);
			defaultConfigurationIsVisible = 0;
			defaultConfigurationName = Release;
		};
		6D48DF411EBD6BB500E7FACE /* Build configuration list for PBXNativeTarget "SSHTestUITests" */ = {
			isa = XCConfigurationList;
			buildConfigurations = (
				6D48DF421EBD6BB500E7FACE /* Debug */,
				6D48DF431EBD6BB500E7FACE /* Release */,
			);
			defaultConfigurationIsVisible = 0;
			defaultConfigurationName = Release;
		};
/* End XCConfigurationList section */
	};
	rootObject = 6D48DF0B1EBD6BB400E7FACE /* Project object */;
}
